{
  "name": "career-os",
  "version": "0.2.0",
  "lockfileVersion": 3,
  "requires": true,
  "packages": {
    "": {
      "name": "career-os",
      "version": "0.2.0",
      "license": "MIT",
      "bin": {
        "career-os": "bin/career-os.js",
        "remote-radar": "bin/career-os.js"
      },
      "engines": {
        "node": ">=18"
      }
    }
  }
}
